
Microsoft Visual Studio Solution File, Format Version 12.00
# Visual Studio 15
VisualStudioVersion = 15.0.27004.2010
MinimumVisualStudioVersion = 10.0.40219.1
Project("{FAE04EC0-301F-11D3-BF4B-00C04F79EFBC}") = "AdventOfCode2018", "AdventOfCode2018\AdventOfCode2018.csproj", "{08098369-718E-449D-9880-7A6C685817FF}"
EndProject
Project("{FAE04EC0-301F-11D3-BF4B-00C04F79EFBC}") = "AdventOfCode2018.Tests", "AdventOfCode2018.Tests\AdventOfCode2018.Tests.csproj", "{6DD8D1CE-B4BA-4FC8-8F55-2CCFD9991FB9}"
EndProject
Global
	GlobalSection(SolutionConfigurationPlatforms) = preSolution
		Debug|Any CPU = Debug|Any CPU
		Release|Any CPU = Release|Any CPU
	EndGlobalSection
	GlobalSection(ProjectConfigurationPlatforms) = postSolution
		{08098369-718E-449D-9880-7A6C685817FF}.Debug|Any CPU.ActiveCfg = Debug|Any CPU
		{08098369-718E-449D-9880-7A6C685817FF}.Debug|Any CPU.Build.0 = Debug|Any CPU
		{08098369-718E-449D-9880-7A6C685817FF}.Release|Any CPU.ActiveCfg = Release|Any CPU
		{08098369-718E-449D-9880-7A6C685817FF}.Release|Any CPU.Build.0 = Release|Any CPU
		{6DD8D1CE-B4BA-4FC8-8F55-2CCFD9991FB9}.Debug|Any CPU.ActiveCfg = Debug|Any CPU
		{6DD8D1CE-B4BA-4FC8-8F55-2CCFD9991FB9}.Debug|Any CPU.Build.0 = Debug|Any CPU
		{6DD8D1CE-B4BA-4FC8-8F55-2CCFD9991FB9}.Release|Any CPU.ActiveCfg = Release|Any CPU
		{6DD8D1CE-B4BA-4FC8-8F55-2CCFD9991FB9}.Release|Any CPU.Build.0 = Release|Any CPU
	EndGlobalSection
	GlobalSection(SolutionProperties) = preSolution
		HideSolutionNode = FALSE
	EndGlobalSection
	GlobalSection(ExtensibilityGlobals) = postSolution
		SolutionGuid = {1D70D223-38DC-4FD4-BD0C-C6533EFC16B4}
	EndGlobalSection
EndGlobal
